
Microsoft Visual Studio Solution File, Format Version 12.00
# Visual Studio Version 17
VisualStudioVersion = 17.5.002.0
MinimumVisualStudioVersion = 10.0.40219.1
Project("{9A19103F-16F7-4668-BE54-9A1E7A4F7556}") = "DotnetStockAPI", "DotnetStockAPI.csproj", "{64A64BB6-1220-4A8E-ABEB-44D1BEBF06BA}"
EndProject
Global
	GlobalSection(SolutionConfigurationPlatforms) = preSolution
		Debug|Any CPU = Debug|Any CPU
		Release|Any CPU = Release|Any CPU
	EndGlobalSection
	GlobalSection(ProjectConfigurationPlatforms) = postSolution
		{64A64BB6-1220-4A8E-ABEB-44D1BEBF06BA}.Debug|Any CPU.ActiveCfg = Debug|Any CPU
		{64A64BB6-1220-4A8E-ABEB-44D1BEBF06BA}.Debug|Any CPU.Build.0 = Debug|Any CPU
		{64A64BB6-1220-4A8E-ABEB-44D1BEBF06BA}.Release|Any CPU.ActiveCfg = Release|Any CPU
		{64A64BB6-1220-4A8E-ABEB-44D1BEBF06BA}.Release|Any CPU.Build.0 = Release|Any CPU
	EndGlobalSection
	GlobalSection(SolutionProperties) = preSolution
		HideSolutionNode = FALSE
	EndGlobalSection
	GlobalSection(ExtensibilityGlobals) = postSolution
		SolutionGuid = {566D8422-64F9-4D25-A025-71FABF4DDC6C}
	EndGlobalSection
EndGlobal
